
Microsoft Visual Studio Solution File, Format Version 12.00
# Visual Studio Version 16
VisualStudioVersion = 16.0.29613.14
MinimumVisualStudioVersion = 10.0.40219.1
Project("{FAE04EC0-301F-11D3-BF4B-00C04F79EFBC}") = "PayVantageMobile.Android", "PayVantageMobile.Android\PayVantageMobile.Android.csproj", "{E95CFEEA-611C-41F1-B9A8-47FC3048C26F}"
EndProject
Project("{FAE04EC0-301F-11D3-BF4B-00C04F79EFBC}") = "PayVantageMobile.iOS", "PayVantageMobile.iOS\PayVantageMobile.iOS.csproj", "{4AEF9191-415A-4443-A249-17E9A7828A22}"
EndProject
Project("{FAE04EC0-301F-11D3-BF4B-00C04F79EFBC}") = "PayVantageMobile", "PayVantageMobile\PayVantageMobile.csproj", "{DA3CD219-6B15-4B3B-AE46-CDAE2694179F}"
EndProject
Global
	GlobalSection(SolutionConfigurationPlatforms) = preSolution
		Debug|Any CPU = Debug|Any CPU
		Debug|iPhone = Debug|iPhone
		Debug|iPhoneSimulator = Debug|iPhoneSimulator
		Release|Any CPU = Release|Any CPU
		Release|iPhone = Release|iPhone
		Release|iPhoneSimulator = Release|iPhoneSimulator
	EndGlobalSection
	GlobalSection(ProjectConfigurationPlatforms) = postSolution
		{E95CFEEA-611C-41F1-B9A8-47FC3048C26F}.Debug|Any CPU.ActiveCfg = Debug|Any CPU
		{E95CFEEA-611C-41F1-B9A8-47FC3048C26F}.Debug|Any CPU.Build.0 = Debug|Any CPU
		{E95CFEEA-611C-41F1-B9A8-47FC3048C26F}.Debug|Any CPU.Deploy.0 = Debug|Any CPU
		{E95CFEEA-611C-41F1-B9A8-47FC3048C26F}.Debug|iPhone.ActiveCfg = Debug|Any CPU
		{E95CFEEA-611C-41F1-B9A8-47FC3048C26F}.Debug|iPhone.Build.0 = Debug|Any CPU
		{E95CFEEA-611C-41F1-B9A8-47FC3048C26F}.Debug|iPhone.Deploy.0 = Debug|Any CPU
		{E95CFEEA-611C-41F1-B9A8-47FC3048C26F}.Debug|iPhoneSimulator.ActiveCfg = Debug|Any CPU
		{E95CFEEA-611C-41F1-B9A8-47FC3048C26F}.Debug|iPhoneSimulator.Build.0 = Debug|Any CPU
		{E95CFEEA-611C-41F1-B9A8-47FC3048C26F}.Debug|iPhoneSimulator.Deploy.0 = Debug|Any CPU
		{E95CFEEA-611C-41F1-B9A8-47FC3048C26F}.Release|Any CPU.ActiveCfg = Release|Any CPU
		{E95CFEEA-611C-41F1-B9A8-47FC3048C26F}.Release|Any CPU.Build.0 = Release|Any CPU
		{E95CFEEA-611C-41F1-B9A8-47FC3048C26F}.Release|Any CPU.Deploy.0 = Release|Any CPU
		{E95CFEEA-611C-41F1-B9A8-47FC3048C26F}.Release|iPhone.ActiveCfg = Release|Any CPU
		{E95CFEEA-611C-41F1-B9A8-47FC3048C26F}.Release|iPhone.Build.0 = Release|Any CPU
		{E95CFEEA-611C-41F1-B9A8-47FC3048C26F}.Release|iPhone.Deploy.0 = Release|Any CPU
		{E95CFEEA-611C-41F1-B9A8-47FC3048C26F}.Release|iPhoneSimulator.ActiveCfg = Release|Any CPU
		{E95CFEEA-611C-41F1-B9A8-47FC3048C26F}.Release|iPhoneSimulator.Build.0 = Release|Any CPU
		{E95CFEEA-611C-41F1-B9A8-47FC3048C26F}.Release|iPhoneSimulator.Deploy.0 = Release|Any CPU
		{4AEF9191-415A-4443-A249-17E9A7828A22}.Debug|Any CPU.ActiveCfg = Debug|iPhoneSimulator
		{4AEF9191-415A-4443-A249-17E9A7828A22}.Debug|Any CPU.Build.0 = Debug|iPhoneSimulator
		{4AEF9191-415A-4443-A249-17E9A7828A22}.Debug|Any CPU.Deploy.0 = Debug|iPhoneSimulator
		{4AEF9191-415A-4443-A249-17E9A7828A22}.Debug|iPhone.ActiveCfg = Debug|iPhone
		{4AEF9191-415A-4443-A249-17E9A7828A22}.Debug|iPhone.Build.0 = Debug|iPhone
		{4AEF9191-415A-4443-A249-17E9A7828A22}.Debug|iPhone.Deploy.0 = Debug|iPhone
		{4AEF9191-415A-4443-A249-17E9A7828A22}.Debug|iPhoneSimulator.ActiveCfg = Debug|iPhoneSimulator
		{4AEF9191-415A-4443-A249-17E9A7828A22}.Debug|iPhoneSimulator.Build.0 = Debug|iPhoneSimulator
		{4AEF9191-415A-4443-A249-17E9A7828A22}.Debug|iPhoneSimulator.Deploy.0 = Debug|iPhoneSimulator
		{4AEF9191-415A-4443-A249-17E9A7828A22}.Release|Any CPU.ActiveCfg = Release|iPhone
		{4AEF9191-415A-4443-A249-17E9A7828A22}.Release|Any CPU.Build.0 = Release|iPhone
		{4AEF9191-415A-4443-A249-17E9A7828A22}.Release|Any CPU.Deploy.0 = Release|iPhone
		{4AEF9191-415A-4443-A249-17E9A7828A22}.Release|iPhone.ActiveCfg = Release|iPhone
		{4AEF9191-415A-4443-A249-17E9A7828A22}.Release|iPhone.Build.0 = Release|iPhone
		{4AEF9191-415A-4443-A249-17E9A7828A22}.Release|iPhone.Deploy.0 = Release|iPhone
		{4AEF9191-415A-4443-A249-17E9A7828A22}.Release|iPhoneSimulator.ActiveCfg = Release|iPhoneSimulator
		{4AEF9191-415A-4443-A249-17E9A7828A22}.Release|iPhoneSimulator.Build.0 = Release|iPhoneSimulator
		{4AEF9191-415A-4443-A249-17E9A7828A22}.Release|iPhoneSimulator.Deploy.0 = Release|iPhoneSimulator
		{DA3CD219-6B15-4B3B-AE46-CDAE2694179F}.Debug|Any CPU.ActiveCfg = Debug|Any CPU
		{DA3CD219-6B15-4B3B-AE46-CDAE2694179F}.Debug|Any CPU.Build.0 = Debug|Any CPU
		{DA3CD219-6B15-4B3B-AE46-CDAE2694179F}.Debug|Any CPU.Deploy.0 = Debug|Any CPU
		{DA3CD219-6B15-4B3B-AE46-CDAE2694179F}.Debug|iPhone.ActiveCfg = Debug|Any CPU
		{DA3CD219-6B15-4B3B-AE46-CDAE2694179F}.Debug|iPhone.Build.0 = Debug|Any CPU
		{DA3CD219-6B15-4B3B-AE46-CDAE2694179F}.Debug|iPhone.Deploy.0 = Debug|Any CPU
		{DA3CD219-6B15-4B3B-AE46-CDAE2694179F}.Debug|iPhoneSimulator.ActiveCfg = Debug|Any CPU
		{DA3CD219-6B15-4B3B-AE46-CDAE2694179F}.Debug|iPhoneSimulator.Build.0 = Debug|Any CPU
		{DA3CD219-6B15-4B3B-AE46-CDAE2694179F}.Debug|iPhoneSimulator.Deploy.0 = Debug|Any CPU
		{DA3CD219-6B15-4B3B-AE46-CDAE2694179F}.Release|Any CPU.ActiveCfg = Release|Any CPU
		{DA3CD219-6B15-4B3B-AE46-CDAE2694179F}.Release|Any CPU.Build.0 = Release|Any CPU
		{DA3CD219-6B15-4B3B-AE46-CDAE2694179F}.Release|Any CPU.Deploy.0 = Release|Any CPU
		{DA3CD219-6B15-4B3B-AE46-CDAE2694179F}.Release|iPhone.ActiveCfg = Release|Any CPU
		{DA3CD219-6B15-4B3B-AE46-CDAE2694179F}.Release|iPhone.Build.0 = Release|Any CPU
		{DA3CD219-6B15-4B3B-AE46-CDAE2694179F}.Release|iPhone.Deploy.0 = Release|Any CPU
		{DA3CD219-6B15-4B3B-AE46-CDAE2694179F}.Release|iPhoneSimulator.ActiveCfg = Release|Any CPU
		{DA3CD219-6B15-4B3B-AE46-CDAE2694179F}.Release|iPhoneSimulator.Build.0 = Release|Any CPU
		{DA3CD219-6B15-4B3B-AE46-CDAE2694179F}.Release|iPhoneSimulator.Deploy.0 = Release|Any CPU
	EndGlobalSection
	GlobalSection(SolutionProperties) = preSolution
		HideSolutionNode = FALSE
	EndGlobalSection
	GlobalSection(ExtensibilityGlobals) = postSolution
		SolutionGuid = {AD2740DB-3807-4A75-B882-BB41CDAC692F}
	EndGlobalSection
EndGlobal
