
Microsoft Visual Studio Solution File, Format Version 12.00
# Visual Studio Version 16
VisualStudioVersion = 16.0.29521.150
MinimumVisualStudioVersion = 10.0.40219.1
Project("{FAE04EC0-301F-11D3-BF4B-00C04F79EFBC}") = "PayVantage.Android", "PayVantage.Android\PayVantage.Android.csproj", "{E2D3BFC5-8A30-4B46-9B3D-0AB6A806F25F}"
EndProject
Project("{FAE04EC0-301F-11D3-BF4B-00C04F79EFBC}") = "PayVantage.iOS", "PayVantage.iOS\PayVantage.iOS.csproj", "{78546B21-06A1-4764-AFAA-667E00B68828}"
EndProject
Project("{FAE04EC0-301F-11D3-BF4B-00C04F79EFBC}") = "PayVantage", "PayVantage\PayVantage.csproj", "{CC674B7B-C3CA-4A40-9031-41629EB145E6}"
EndProject
Global
	GlobalSection(SolutionConfigurationPlatforms) = preSolution
		Debug|Any CPU = Debug|Any CPU
		Debug|iPhone = Debug|iPhone
		Debug|iPhoneSimulator = Debug|iPhoneSimulator
		Release|Any CPU = Release|Any CPU
		Release|iPhone = Release|iPhone
		Release|iPhoneSimulator = Release|iPhoneSimulator
	EndGlobalSection
	GlobalSection(ProjectConfigurationPlatforms) = postSolution
		{E2D3BFC5-8A30-4B46-9B3D-0AB6A806F25F}.Debug|Any CPU.ActiveCfg = Debug|Any CPU
		{E2D3BFC5-8A30-4B46-9B3D-0AB6A806F25F}.Debug|Any CPU.Build.0 = Debug|Any CPU
		{E2D3BFC5-8A30-4B46-9B3D-0AB6A806F25F}.Debug|Any CPU.Deploy.0 = Debug|Any CPU
		{E2D3BFC5-8A30-4B46-9B3D-0AB6A806F25F}.Debug|iPhone.ActiveCfg = Debug|Any CPU
		{E2D3BFC5-8A30-4B46-9B3D-0AB6A806F25F}.Debug|iPhone.Build.0 = Debug|Any CPU
		{E2D3BFC5-8A30-4B46-9B3D-0AB6A806F25F}.Debug|iPhone.Deploy.0 = Debug|Any CPU
		{E2D3BFC5-8A30-4B46-9B3D-0AB6A806F25F}.Debug|iPhoneSimulator.ActiveCfg = Debug|Any CPU
		{E2D3BFC5-8A30-4B46-9B3D-0AB6A806F25F}.Debug|iPhoneSimulator.Build.0 = Debug|Any CPU
		{E2D3BFC5-8A30-4B46-9B3D-0AB6A806F25F}.Debug|iPhoneSimulator.Deploy.0 = Debug|Any CPU
		{E2D3BFC5-8A30-4B46-9B3D-0AB6A806F25F}.Release|Any CPU.ActiveCfg = Release|Any CPU
		{E2D3BFC5-8A30-4B46-9B3D-0AB6A806F25F}.Release|Any CPU.Build.0 = Release|Any CPU
		{E2D3BFC5-8A30-4B46-9B3D-0AB6A806F25F}.Release|Any CPU.Deploy.0 = Release|Any CPU
		{E2D3BFC5-8A30-4B46-9B3D-0AB6A806F25F}.Release|iPhone.ActiveCfg = Release|Any CPU
		{E2D3BFC5-8A30-4B46-9B3D-0AB6A806F25F}.Release|iPhone.Build.0 = Release|Any CPU
		{E2D3BFC5-8A30-4B46-9B3D-0AB6A806F25F}.Release|iPhone.Deploy.0 = Release|Any CPU
		{E2D3BFC5-8A30-4B46-9B3D-0AB6A806F25F}.Release|iPhoneSimulator.ActiveCfg = Release|Any CPU
		{E2D3BFC5-8A30-4B46-9B3D-0AB6A806F25F}.Release|iPhoneSimulator.Build.0 = Release|Any CPU
		{E2D3BFC5-8A30-4B46-9B3D-0AB6A806F25F}.Release|iPhoneSimulator.Deploy.0 = Release|Any CPU
		{78546B21-06A1-4764-AFAA-667E00B68828}.Debug|Any CPU.ActiveCfg = Debug|iPhoneSimulator
		{78546B21-06A1-4764-AFAA-667E00B68828}.Debug|Any CPU.Build.0 = Debug|iPhoneSimulator
		{78546B21-06A1-4764-AFAA-667E00B68828}.Debug|Any CPU.Deploy.0 = Debug|iPhoneSimulator
		{78546B21-06A1-4764-AFAA-667E00B68828}.Debug|iPhone.ActiveCfg = Debug|iPhone
		{78546B21-06A1-4764-AFAA-667E00B68828}.Debug|iPhone.Build.0 = Debug|iPhone
		{78546B21-06A1-4764-AFAA-667E00B68828}.Debug|iPhone.Deploy.0 = Debug|iPhone
		{78546B21-06A1-4764-AFAA-667E00B68828}.Debug|iPhoneSimulator.ActiveCfg = Debug|iPhoneSimulator
		{78546B21-06A1-4764-AFAA-667E00B68828}.Debug|iPhoneSimulator.Build.0 = Debug|iPhoneSimulator
		{78546B21-06A1-4764-AFAA-667E00B68828}.Debug|iPhoneSimulator.Deploy.0 = Debug|iPhoneSimulator
		{78546B21-06A1-4764-AFAA-667E00B68828}.Release|Any CPU.ActiveCfg = Release|iPhone
		{78546B21-06A1-4764-AFAA-667E00B68828}.Release|Any CPU.Build.0 = Release|iPhone
		{78546B21-06A1-4764-AFAA-667E00B68828}.Release|Any CPU.Deploy.0 = Release|iPhone
		{78546B21-06A1-4764-AFAA-667E00B68828}.Release|iPhone.ActiveCfg = Release|iPhone
		{78546B21-06A1-4764-AFAA-667E00B68828}.Release|iPhone.Build.0 = Release|iPhone
		{78546B21-06A1-4764-AFAA-667E00B68828}.Release|iPhone.Deploy.0 = Release|iPhone
		{78546B21-06A1-4764-AFAA-667E00B68828}.Release|iPhoneSimulator.ActiveCfg = Release|iPhoneSimulator
		{78546B21-06A1-4764-AFAA-667E00B68828}.Release|iPhoneSimulator.Build.0 = Release|iPhoneSimulator
		{78546B21-06A1-4764-AFAA-667E00B68828}.Release|iPhoneSimulator.Deploy.0 = Release|iPhoneSimulator
		{CC674B7B-C3CA-4A40-9031-41629EB145E6}.Debug|Any CPU.ActiveCfg = Debug|Any CPU
		{CC674B7B-C3CA-4A40-9031-41629EB145E6}.Debug|Any CPU.Build.0 = Debug|Any CPU
		{CC674B7B-C3CA-4A40-9031-41629EB145E6}.Debug|Any CPU.Deploy.0 = Debug|Any CPU
		{CC674B7B-C3CA-4A40-9031-41629EB145E6}.Debug|iPhone.ActiveCfg = Debug|Any CPU
		{CC674B7B-C3CA-4A40-9031-41629EB145E6}.Debug|iPhone.Build.0 = Debug|Any CPU
		{CC674B7B-C3CA-4A40-9031-41629EB145E6}.Debug|iPhone.Deploy.0 = Debug|Any CPU
		{CC674B7B-C3CA-4A40-9031-41629EB145E6}.Debug|iPhoneSimulator.ActiveCfg = Debug|Any CPU
		{CC674B7B-C3CA-4A40-9031-41629EB145E6}.Debug|iPhoneSimulator.Build.0 = Debug|Any CPU
		{CC674B7B-C3CA-4A40-9031-41629EB145E6}.Debug|iPhoneSimulator.Deploy.0 = Debug|Any CPU
		{CC674B7B-C3CA-4A40-9031-41629EB145E6}.Release|Any CPU.ActiveCfg = Release|Any CPU
		{CC674B7B-C3CA-4A40-9031-41629EB145E6}.Release|Any CPU.Build.0 = Release|Any CPU
		{CC674B7B-C3CA-4A40-9031-41629EB145E6}.Release|Any CPU.Deploy.0 = Release|Any CPU
		{CC674B7B-C3CA-4A40-9031-41629EB145E6}.Release|iPhone.ActiveCfg = Release|Any CPU
		{CC674B7B-C3CA-4A40-9031-41629EB145E6}.Release|iPhone.Build.0 = Release|Any CPU
		{CC674B7B-C3CA-4A40-9031-41629EB145E6}.Release|iPhone.Deploy.0 = Release|Any CPU
		{CC674B7B-C3CA-4A40-9031-41629EB145E6}.Release|iPhoneSimulator.ActiveCfg = Release|Any CPU
		{CC674B7B-C3CA-4A40-9031-41629EB145E6}.Release|iPhoneSimulator.Build.0 = Release|Any CPU
		{CC674B7B-C3CA-4A40-9031-41629EB145E6}.Release|iPhoneSimulator.Deploy.0 = Release|Any CPU
	EndGlobalSection
	GlobalSection(SolutionProperties) = preSolution
		HideSolutionNode = FALSE
	EndGlobalSection
	GlobalSection(ExtensibilityGlobals) = postSolution
		SolutionGuid = {13248EB7-2CB8-4F0D-B045-A09799D16150}
	EndGlobalSection
EndGlobal
